// !$*UTF8*$!
{
	archiveVersion = 1;
	classes = {
	};
	objectVersion = 77;
	objects = {

/* Begin PBXContainerItemProxy section */
		863DC43D2DE34891003BAFF3 /* PBXContainerItemProxy */ = {
			isa = PBXContainerItemProxy;
			containerPortal = 863DC41F2DE34891003BAFF3 /* Project object */;
			proxyType = 1;
			remoteGlobalIDString = 863DC4262DE34891003BAFF3;
			remoteInfo = KEdit;
		};
		863DC4472DE34891003BAFF3 /* PBXContainerItemProxy */ = {
			isa = PBXContainerItemProxy;
			containerPortal = 863DC41F2DE34891003BAFF3 /* Project object */;
			proxyType = 1;
			remoteGlobalIDString = 863DC4262DE34891003BAFF3;
			remoteInfo = KEdit;
		};
/* End PBXContainerItemProxy section */

/* Begin PBXFileReference section */
		863DC4272DE34891003BAFF3 /* KEdit.app */ = {isa = PBXFileReference; explicitFileType = wrapper.application; includeInIndex = 0; path = KEdit.app; sourceTree = BUILT_PRODUCTS_DIR; };
		863DC43C2DE34891003BAFF3 /* KEditTests.xctest */ = {isa = PBXFileReference; explicitFileType = wrapper.cfbundle; includeInIndex = 0; path = KEditTests.xctest; sourceTree = BUILT_PRODUCTS_DIR; };
		863DC4462DE34891003BAFF3 /* KEditUITests.xctest */ = {isa = PBXFileReference; explicitFileType = wrapper.cfbundle; includeInIndex = 0; path = KEditUITests.xctest; sourceTree = BUILT_PRODUCTS_DIR; };
		867F94672E40FDC70083B477 /* libtree-sitter-ruby.a */ = {isa = PBXFileReference; lastKnownFileType = archive.ar; name = "libtree-sitter-ruby.a"; path = "Vendor/tree-sitter-ruby-master/libtree-sitter-ruby.a"; sourceTree = "<group>"; };
/* End PBXFileReference section */

/* Begin PBXFileSystemSynchronizedBuildFileExceptionSet section */
		86473D7C2E4976F5005782F4 /* Exceptions for "KEdit" folder in "KEdit" target */ = {
			isa = PBXFileSystemSynchronizedBuildFileExceptionSet;
			membershipExceptions = (
				Resources/Info.plist,
			);
			target = 863DC4262DE34891003BAFF3 /* KEdit */;
		};
/* End PBXFileSystemSynchronizedBuildFileExceptionSet section */

/* Begin PBXFileSystemSynchronizedRootGroup section */
		863DC4292DE34891003BAFF3 /* KEdit */ = {
			isa = PBXFileSystemSynchronizedRootGroup;
			exceptions = (
				86473D7C2E4976F5005782F4 /* Exceptions for "KEdit" folder in "KEdit" target */,
			);
			path = KEdit;
			sourceTree = "<group>";
		};
		863DC43F2DE34891003BAFF3 /* KEditTests */ = {
			isa = PBXFileSystemSynchronizedRootGroup;
			path = KEditTests;
			sourceTree = "<group>";
		};
		863DC4492DE34891003BAFF3 /* KEditUITests */ = {
			isa = PBXFileSystemSynchronizedRootGroup;
			path = KEditUITests;
			sourceTree = "<group>";
		};
/* End PBXFileSystemSynchronizedRootGroup section */

/* Begin PBXFrameworksBuildPhase section */
		863DC4242DE34891003BAFF3 /* Frameworks */ = {
			isa = PBXFrameworksBuildPhase;
			buildActionMask = 2147483647;
			files = (
			);
			runOnlyForDeploymentPostprocessing = 0;
		};
		863DC4392DE34891003BAFF3 /* Frameworks */ = {
			isa = PBXFrameworksBuildPhase;
			buildActionMask = 2147483647;
			files = (
			);
			runOnlyForDeploymentPostprocessing = 0;
		};
		863DC4432DE34891003BAFF3 /* Frameworks */ = {
			isa = PBXFrameworksBuildPhase;
			buildActionMask = 2147483647;
			files = (
			);
			runOnlyForDeploymentPostprocessing = 0;
		};
/* End PBXFrameworksBuildPhase section */

/* Begin PBXGroup section */
		863DC41E2DE34891003BAFF3 = {
			isa = PBXGroup;
			children = (
				863DC4292DE34891003BAFF3 /* KEdit */,
				863DC43F2DE34891003BAFF3 /* KEditTests */,
				863DC4492DE34891003BAFF3 /* KEditUITests */,
				867F94662E40FDC70083B477 /* Frameworks */,
				863DC4282DE34891003BAFF3 /* Products */,
			);
			sourceTree = "<group>";
		};
		863DC4282DE34891003BAFF3 /* Products */ = {
			isa = PBXGroup;
			children = (
				863DC4272DE34891003BAFF3 /* KEdit.app */,
				863DC43C2DE34891003BAFF3 /* KEditTests.xctest */,
				863DC4462DE34891003BAFF3 /* KEditUITests.xctest */,
			);
			name = Products;
			sourceTree = "<group>";
		};
		867F94662E40FDC70083B477 /* Frameworks */ = {
			isa = PBXGroup;
			children = (
				867F94672E40FDC70083B477 /* libtree-sitter-ruby.a */,
			);
			name = Frameworks;
			sourceTree = "<group>";
		};
/* End PBXGroup section */

/* Begin PBXHeadersBuildPhase section */
		867F94562E40EA380083B477 /* Headers */ = {
			isa = PBXHeadersBuildPhase;
			buildActionMask = 2147483647;
			files = (
			);
			runOnlyForDeploymentPostprocessing = 0;
		};
/* End PBXHeadersBuildPhase section */

/* Begin PBXNativeTarget section */
		863DC4262DE34891003BAFF3 /* KEdit */ = {
			isa = PBXNativeTarget;
			buildConfigurationList = 863DC44F2DE34891003BAFF3 /* Build configuration list for PBXNativeTarget "KEdit" */;
			buildPhases = (
				867F94562E40EA380083B477 /* Headers */,
				863DC4232DE34891003BAFF3 /* Sources */,
				863DC4242DE34891003BAFF3 /* Frameworks */,
				863DC4252DE34891003BAFF3 /* Resources */,
			);
			buildRules = (
			);
			dependencies = (
			);
			fileSystemSynchronizedGroups = (
				863DC4292DE34891003BAFF3 /* KEdit */,
			);
			name = KEdit;
			packageProductDependencies = (
			);
			productName = KEdit;
			productReference = 863DC4272DE34891003BAFF3 /* KEdit.app */;
			productType = "com.apple.product-type.application";
		};
		863DC43B2DE34891003BAFF3 /* KEditTests */ = {
			isa = PBXNativeTarget;
			buildConfigurationList = 863DC4542DE34891003BAFF3 /* Build configuration list for PBXNativeTarget "KEditTests" */;
			buildPhases = (
				863DC4382DE34891003BAFF3 /* Sources */,
				863DC4392DE34891003BAFF3 /* Frameworks */,
				863DC43A2DE34891003BAFF3 /* Resources */,
			);
			buildRules = (
			);
			dependencies = (
				863DC43E2DE34891003BAFF3 /* PBXTargetDependency */,
			);
			fileSystemSynchronizedGroups = (
				863DC43F2DE34891003BAFF3 /* KEditTests */,
			);
			name = KEditTests;
			packageProductDependencies = (
			);
			productName = KEditTests;
			productReference = 863DC43C2DE34891003BAFF3 /* KEditTests.xctest */;
			productType = "com.apple.product-type.bundle.unit-test";
		};
		863DC4452DE34891003BAFF3 /* KEditUITests */ = {
			isa = PBXNativeTarget;
			buildConfigurationList = 863DC4572DE34891003BAFF3 /* Build configuration list for PBXNativeTarget "KEditUITests" */;
			buildPhases = (
				863DC4422DE34891003BAFF3 /* Sources */,
				863DC4432DE34891003BAFF3 /* Frameworks */,
				863DC4442DE34891003BAFF3 /* Resources */,
			);
			buildRules = (
			);
			dependencies = (
				863DC4482DE34891003BAFF3 /* PBXTargetDependency */,
			);
			fileSystemSynchronizedGroups = (
				863DC4492DE34891003BAFF3 /* KEditUITests */,
			);
			name = KEditUITests;
			packageProductDependencies = (
			);
			productName = KEditUITests;
			productReference = 863DC4462DE34891003BAFF3 /* KEditUITests.xctest */;
			productType = "com.apple.product-type.bundle.ui-testing";
		};
/* End PBXNativeTarget section */

/* Begin PBXProject section */
		863DC41F2DE34891003BAFF3 /* Project object */ = {
			isa = PBXProject;
			attributes = {
				BuildIndependentTargetsInParallel = 1;
				LastSwiftUpdateCheck = 1630;
				LastUpgradeCheck = 1640;
				TargetAttributes = {
					863DC4262DE34891003BAFF3 = {
						CreatedOnToolsVersion = 16.3;
					};
					863DC43B2DE34891003BAFF3 = {
						CreatedOnToolsVersion = 16.3;
						TestTargetID = 863DC4262DE34891003BAFF3;
					};
					863DC4452DE34891003BAFF3 = {
						CreatedOnToolsVersion = 16.3;
						TestTargetID = 863DC4262DE34891003BAFF3;
					};
				};
			};
			buildConfigurationList = 863DC4222DE34891003BAFF3 /* Build configuration list for PBXProject "KEdit" */;
			developmentRegion = en;
			hasScannedForEncodings = 0;
			knownRegions = (
				en,
				Base,
			);
			mainGroup = 863DC41E2DE34891003BAFF3;
			minimizedProjectReferenceProxies = 1;
			preferredProjectObjectVersion = 77;
			productRefGroup = 863DC4282DE34891003BAFF3 /* Products */;
			projectDirPath = "";
			projectRoot = "";
			targets = (
				863DC4262DE34891003BAFF3 /* KEdit */,
				863DC43B2DE34891003BAFF3 /* KEditTests */,
				863DC4452DE34891003BAFF3 /* KEditUITests */,
			);
		};
/* End PBXProject section */

/* Begin PBXResourcesBuildPhase section */
		863DC4252DE34891003BAFF3 /* Resources */ = {
			isa = PBXResourcesBuildPhase;
			buildActionMask = 2147483647;
			files = (
			);
			runOnlyForDeploymentPostprocessing = 0;
		};
		863DC43A2DE34891003BAFF3 /* Resources */ = {
			isa = PBXResourcesBuildPhase;
			buildActionMask = 2147483647;
			files = (
			);
			runOnlyForDeploymentPostprocessing = 0;
		};
		863DC4442DE34891003BAFF3 /* Resources */ = {
			isa = PBXResourcesBuildPhase;
			buildActionMask = 2147483647;
			files = (
			);
			runOnlyForDeploymentPostprocessing = 0;
		};
/* End PBXResourcesBuildPhase section */

/* Begin PBXSourcesBuildPhase section */
		863DC4232DE34891003BAFF3 /* Sources */ = {
			isa = PBXSourcesBuildPhase;
			buildActionMask = 2147483647;
			files = (
			);
			runOnlyForDeploymentPostprocessing = 0;
		};
		863DC4382DE34891003BAFF3 /* Sources */ = {
			isa = PBXSourcesBuildPhase;
			buildActionMask = 2147483647;
			files = (
			);
			runOnlyForDeploymentPostprocessing = 0;
		};
		863DC4422DE34891003BAFF3 /* Sources */ = {
			isa = PBXSourcesBuildPhase;
			buildActionMask = 2147483647;
			files = (
			);
			runOnlyForDeploymentPostprocessing = 0;
		};
/* End PBXSourcesBuildPhase section */

/* Begin PBXTargetDependency section */
		863DC43E2DE34891003BAFF3 /* PBXTargetDependency */ = {
			isa = PBXTargetDependency;
			target = 863DC4262DE34891003BAFF3 /* KEdit */;
			targetProxy = 863DC43D2DE34891003BAFF3 /* PBXContainerItemProxy */;
		};
		863DC4482DE34891003BAFF3 /* PBXTargetDependency */ = {
			isa = PBXTargetDependency;
			target = 863DC4262DE34891003BAFF3 /* KEdit */;
			targetProxy = 863DC4472DE34891003BAFF3 /* PBXContainerItemProxy */;
		};
/* End PBXTargetDependency section */

/* Begin XCBuildConfiguration section */
		863DC4502DE34891003BAFF3 /* Debug */ = {
			isa = XCBuildConfiguration;
			buildSettings = {
				ASSETCATALOG_COMPILER_APPICON_NAME = AppIcon;
				ASSETCATALOG_COMPILER_GLOBAL_ACCENT_COLOR_NAME = AccentColor;
				CODE_SIGN_ENTITLEMENTS = KEdit/Resources/KEdit.entitlements;
				CODE_SIGN_STYLE = Automatic;
				COMBINE_HIDPI_IMAGES = YES;
				CURRENT_PROJECT_VERSION = 1;
				DEAD_CODE_STRIPPING = YES;
				GENERATE_INFOPLIST_FILE = YES;
				HEADER_SEARCH_PATHS = "";
				INFOPLIST_FILE = KEdit/Resources/Info.plist;
				INFOPLIST_KEY_NSHumanReadableCopyright = "";
				INFOPLIST_KEY_NSMainNibFile = MainMenu;
				INFOPLIST_KEY_NSPrincipalClass = NSApplication;
				LD_RUNPATH_SEARCH_PATHS = (
					"$(inherited)",
					"@executable_path/../Vendor/**",
				);
				LIBRARY_SEARCH_PATHS = (
					"$(PROJECT_DIR)/Vendor/**",
					"$(PROJECT_DIR)/Vendor/tree-sitter-ruby-master",
				);
				MACOSX_DEPLOYMENT_TARGET = 11.5;
				MARKETING_VERSION = 1.0;
				PRODUCT_BUNDLE_IDENTIFIER = com.krnsoftware.KEdit;
				PRODUCT_NAME = "$(TARGET_NAME)";
				REGISTER_APP_GROUPS = YES;
				SWIFT_EMIT_LOC_STRINGS = YES;
				SWIFT_INCLUDE_PATHS = "$(PROJECT_DIR)/KEdit/TreeSitter/bridge/**";
				SWIFT_VERSION = 5.0;
				USER_HEADER_SEARCH_PATHS = "";
			};
			name = Debug;
		};
		863DC4512DE34891003BAFF3 /* Release */ = {
			isa = XCBuildConfiguration;
			buildSettings = {
				ASSETCATALOG_COMPILER_APPICON_NAME = AppIcon;
				ASSETCATALOG_COMPILER_GLOBAL_ACCENT_COLOR_NAME = AccentColor;
				CODE_SIGN_ENTITLEMENTS = KEdit/Resources/KEdit.entitlements;
				CODE_SIGN_STYLE = Automatic;
				COMBINE_HIDPI_IMAGES = YES;
				CURRENT_PROJECT_VERSION = 1;
				DEAD_CODE_STRIPPING = YES;
				GENERATE_INFOPLIST_FILE = YES;
				HEADER_SEARCH_PATHS = "";
				INFOPLIST_FILE = KEdit/Resources/Info.plist;
				INFOPLIST_KEY_NSHumanReadableCopyright = "";
				INFOPLIST_KEY_NSMainNibFile = MainMenu;
				INFOPLIST_KEY_NSPrincipalClass = NSApplication;
				LD_RUNPATH_SEARCH_PATHS = (
					"$(inherited)",
					"@executable_path/../Vendor/**",
				);
				LIBRARY_SEARCH_PATHS = (
					"$(PROJECT_DIR)/Vendor/**",
					"$(PROJECT_DIR)/Vendor/tree-sitter-ruby-master",
				);
				MACOSX_DEPLOYMENT_TARGET = 11.5;
				MARKETING_VERSION = 1.0;
				PRODUCT_BUNDLE_IDENTIFIER = com.krnsoftware.KEdit;
				PRODUCT_NAME = "$(TARGET_NAME)";
				REGISTER_APP_GROUPS = YES;
				SWIFT_EMIT_LOC_STRINGS = YES;
				SWIFT_INCLUDE_PATHS = "$(PROJECT_DIR)/KEdit/TreeSitter/bridge/**";
				SWIFT_VERSION = 5.0;
				USER_HEADER_SEARCH_PATHS = "";
			};
			name = Release;
		};
		863DC4522DE34891003BAFF3 /* Debug */ = {
			isa = XCBuildConfiguration;
			buildSettings = {
				ALWAYS_SEARCH_USER_PATHS = NO;
				ASSETCATALOG_COMPILER_GENERATE_SWIFT_ASSET_SYMBOL_EXTENSIONS = YES;
				CLANG_ANALYZER_NONNULL = YES;
				CLANG_ANALYZER_NUMBER_OBJECT_CONVERSION = YES_AGGRESSIVE;
				CLANG_CXX_LANGUAGE_STANDARD = "gnu++20";
				CLANG_ENABLE_MODULES = YES;
				CLANG_ENABLE_OBJC_ARC = YES;
				CLANG_ENABLE_OBJC_WEAK = YES;
				CLANG_WARN_BLOCK_CAPTURE_AUTORELEASING = YES;
				CLANG_WARN_BOOL_CONVERSION = YES;
				CLANG_WARN_COMMA = YES;
				CLANG_WARN_CONSTANT_CONVERSION = YES;
				CLANG_WARN_DEPRECATED_OBJC_IMPLEMENTATIONS = YES;
				CLANG_WARN_DIRECT_OBJC_ISA_USAGE = YES_ERROR;
				CLANG_WARN_DOCUMENTATION_COMMENTS = YES;
				CLANG_WARN_EMPTY_BODY = YES;
				CLANG_WARN_ENUM_CONVERSION = YES;
				CLANG_WARN_INFINITE_RECURSION = YES;
				CLANG_WARN_INT_CONVERSION = YES;
				CLANG_WARN_NON_LITERAL_NULL_CONVERSION = YES;
				CLANG_WARN_OBJC_IMPLICIT_RETAIN_SELF = YES;
				CLANG_WARN_OBJC_LITERAL_CONVERSION = YES;
				CLANG_WARN_OBJC_ROOT_CLASS = YES_ERROR;
				CLANG_WARN_QUOTED_INCLUDE_IN_FRAMEWORK_HEADER = YES;
				CLANG_WARN_RANGE_LOOP_ANALYSIS = YES;
				CLANG_WARN_STRICT_PROTOTYPES = YES;
				CLANG_WARN_SUSPICIOUS_MOVE = YES;
				CLANG_WARN_UNGUARDED_AVAILABILITY = YES_AGGRESSIVE;
				CLANG_WARN_UNREACHABLE_CODE = YES;
				CLANG_WARN__DUPLICATE_METHOD_MATCH = YES;
				COPY_PHASE_STRIP = NO;
				DEAD_CODE_STRIPPING = YES;
				DEBUG_INFORMATION_FORMAT = dwarf;
				ENABLE_STRICT_OBJC_MSGSEND = YES;
				ENABLE_TESTABILITY = YES;
				ENABLE_USER_SCRIPT_SANDBOXING = YES;
				GCC_C_LANGUAGE_STANDARD = gnu17;
				GCC_DYNAMIC_NO_PIC = NO;
				GCC_NO_COMMON_BLOCKS = YES;
				GCC_OPTIMIZATION_LEVEL = 0;
				GCC_PREPROCESSOR_DEFINITIONS = (
					"DEBUG=1",
					"$(inherited)",
				);
				GCC_WARN_64_TO_32_BIT_CONVERSION = YES;
				GCC_WARN_ABOUT_RETURN_TYPE = YES_ERROR;
				GCC_WARN_UNDECLARED_SELECTOR = YES;
				GCC_WARN_UNINITIALIZED_AUTOS = YES_AGGRESSIVE;
				GCC_WARN_UNUSED_FUNCTION = YES;
				GCC_WARN_UNUSED_VARIABLE = YES;
				LOCALIZATION_PREFERS_STRING_CATALOGS = YES;
				MACOSX_DEPLOYMENT_TARGET = 15.4;
				MTL_ENABLE_DEBUG_INFO = INCLUDE_SOURCE;
				MTL_FAST_MATH = YES;
				ONLY_ACTIVE_ARCH = YES;
				SDKROOT = macosx;
				SWIFT_ACTIVE_COMPILATION_CONDITIONS = "DEBUG $(inherited)";
				SWIFT_OPTIMIZATION_LEVEL = "-Onone";
			};
			name = Debug;
		};
		863DC4532DE34891003BAFF3 /* Release */ = {
			isa = XCBuildConfiguration;
			buildSettings = {
				ALWAYS_SEARCH_USER_PATHS = NO;
				ASSETCATALOG_COMPILER_GENERATE_SWIFT_ASSET_SYMBOL_EXTENSIONS = YES;
				CLANG_ANALYZER_NONNULL = YES;
				CLANG_ANALYZER_NUMBER_OBJECT_CONVERSION = YES_AGGRESSIVE;
				CLANG_CXX_LANGUAGE_STANDARD = "gnu++20";
				CLANG_ENABLE_MODULES = YES;
				CLANG_ENABLE_OBJC_ARC = YES;
				CLANG_ENABLE_OBJC_WEAK = YES;
				CLANG_WARN_BLOCK_CAPTURE_AUTORELEASING = YES;
				CLANG_WARN_BOOL_CONVERSION = YES;
				CLANG_WARN_COMMA = YES;
				CLANG_WARN_CONSTANT_CONVERSION = YES;
				CLANG_WARN_DEPRECATED_OBJC_IMPLEMENTATIONS = YES;
				CLANG_WARN_DIRECT_OBJC_ISA_USAGE = YES_ERROR;
				CLANG_WARN_DOCUMENTATION_COMMENTS = YES;
				CLANG_WARN_EMPTY_BODY = YES;
				CLANG_WARN_ENUM_CONVERSION = YES;
				CLANG_WARN_INFINITE_RECURSION = YES;
				CLANG_WARN_INT_CONVERSION = YES;
				CLANG_WARN_NON_LITERAL_NULL_CONVERSION = YES;
				CLANG_WARN_OBJC_IMPLICIT_RETAIN_SELF = YES;
				CLANG_WARN_OBJC_LITERAL_CONVERSION = YES;
				CLANG_WARN_OBJC_ROOT_CLASS = YES_ERROR;
				CLANG_WARN_QUOTED_INCLUDE_IN_FRAMEWORK_HEADER = YES;
				CLANG_WARN_RANGE_LOOP_ANALYSIS = YES;
				CLANG_WARN_STRICT_PROTOTYPES = YES;
				CLANG_WARN_SUSPICIOUS_MOVE = YES;
				CLANG_WARN_UNGUARDED_AVAILABILITY = YES_AGGRESSIVE;
				CLANG_WARN_UNREACHABLE_CODE = YES;
				CLANG_WARN__DUPLICATE_METHOD_MATCH = YES;
				COPY_PHASE_STRIP = NO;
				DEAD_CODE_STRIPPING = YES;
				DEBUG_INFORMATION_FORMAT = "dwarf-with-dsym";
				ENABLE_NS_ASSERTIONS = NO;
				ENABLE_STRICT_OBJC_MSGSEND = YES;
				ENABLE_USER_SCRIPT_SANDBOXING = YES;
				GCC_C_LANGUAGE_STANDARD = gnu17;
				GCC_NO_COMMON_BLOCKS = YES;
				GCC_WARN_64_TO_32_BIT_CONVERSION = YES;
				GCC_WARN_ABOUT_RETURN_TYPE = YES_ERROR;
				GCC_WARN_UNDECLARED_SELECTOR = YES;
				GCC_WARN_UNINITIALIZED_AUTOS = YES_AGGRESSIVE;
				GCC_WARN_UNUSED_FUNCTION = YES;
				GCC_WARN_UNUSED_VARIABLE = YES;
				LOCALIZATION_PREFERS_STRING_CATALOGS = YES;
				MACOSX_DEPLOYMENT_TARGET = 15.4;
				MTL_ENABLE_DEBUG_INFO = NO;
				MTL_FAST_MATH = YES;
				SDKROOT = macosx;
				SWIFT_COMPILATION_MODE = wholemodule;
			};
			name = Release;
		};
		863DC4552DE34891003BAFF3 /* Debug */ = {
			isa = XCBuildConfiguration;
			buildSettings = {
				BUNDLE_LOADER = "$(TEST_HOST)";
				CODE_SIGN_STYLE = Automatic;
				CURRENT_PROJECT_VERSION = 1;
				DEAD_CODE_STRIPPING = YES;
				GENERATE_INFOPLIST_FILE = YES;
				MACOSX_DEPLOYMENT_TARGET = 15.4;
				MARKETING_VERSION = 1.0;
				PRODUCT_BUNDLE_IDENTIFIER = com.krnsoftware.KEditTests;
				PRODUCT_NAME = "$(TARGET_NAME)";
				SWIFT_EMIT_LOC_STRINGS = NO;
				SWIFT_VERSION = 5.0;
				TEST_HOST = "$(BUILT_PRODUCTS_DIR)/KEdit.app/$(BUNDLE_EXECUTABLE_FOLDER_PATH)/KEdit";
			};
			name = Debug;
		};
		863DC4562DE34891003BAFF3 /* Release */ = {
			isa = XCBuildConfiguration;
			buildSettings = {
				BUNDLE_LOADER = "$(TEST_HOST)";
				CODE_SIGN_STYLE = Automatic;
				CURRENT_PROJECT_VERSION = 1;
				DEAD_CODE_STRIPPING = YES;
				GENERATE_INFOPLIST_FILE = YES;
				MACOSX_DEPLOYMENT_TARGET = 15.4;
				MARKETING_VERSION = 1.0;
				PRODUCT_BUNDLE_IDENTIFIER = com.krnsoftware.KEditTests;
				PRODUCT_NAME = "$(TARGET_NAME)";
				SWIFT_EMIT_LOC_STRINGS = NO;
				SWIFT_VERSION = 5.0;
				TEST_HOST = "$(BUILT_PRODUCTS_DIR)/KEdit.app/$(BUNDLE_EXECUTABLE_FOLDER_PATH)/KEdit";
			};
			name = Release;
		};
		863DC4582DE34891003BAFF3 /* Debug */ = {
			isa = XCBuildConfiguration;
			buildSettings = {
				CODE_SIGN_STYLE = Automatic;
				CURRENT_PROJECT_VERSION = 1;
				DEAD_CODE_STRIPPING = YES;
				GENERATE_INFOPLIST_FILE = YES;
				MARKETING_VERSION = 1.0;
				PRODUCT_BUNDLE_IDENTIFIER = com.krnsoftware.KEditUITests;
				PRODUCT_NAME = "$(TARGET_NAME)";
				SWIFT_EMIT_LOC_STRINGS = NO;
				SWIFT_VERSION = 5.0;
				TEST_TARGET_NAME = KEdit;
			};
			name = Debug;
		};
		863DC4592DE34891003BAFF3 /* Release */ = {
			isa = XCBuildConfiguration;
			buildSettings = {
				CODE_SIGN_STYLE = Automatic;
				CURRENT_PROJECT_VERSION = 1;
				DEAD_CODE_STRIPPING = YES;
				GENERATE_INFOPLIST_FILE = YES;
				MARKETING_VERSION = 1.0;
				PRODUCT_BUNDLE_IDENTIFIER = com.krnsoftware.KEditUITests;
				PRODUCT_NAME = "$(TARGET_NAME)";
				SWIFT_EMIT_LOC_STRINGS = NO;
				SWIFT_VERSION = 5.0;
				TEST_TARGET_NAME = KEdit;
			};
			name = Release;
		};
/* End XCBuildConfiguration section */

/* Begin XCConfigurationList section */
		863DC4222DE34891003BAFF3 /* Build configuration list for PBXProject "KEdit" */ = {
			isa = XCConfigurationList;
			buildConfigurations = (
				863DC4522DE34891003BAFF3 /* Debug */,
				863DC4532DE34891003BAFF3 /* Release */,
			);
			defaultConfigurationIsVisible = 0;
			defaultConfigurationName = Release;
		};
		863DC44F2DE34891003BAFF3 /* Build configuration list for PBXNativeTarget "KEdit" */ = {
			isa = XCConfigurationList;
			buildConfigurations = (
				863DC4502DE34891003BAFF3 /* Debug */,
				863DC4512DE34891003BAFF3 /* Release */,
			);
			defaultConfigurationIsVisible = 0;
			defaultConfigurationName = Release;
		};
		863DC4542DE34891003BAFF3 /* Build configuration list for PBXNativeTarget "KEditTests" */ = {
			isa = XCConfigurationList;
			buildConfigurations = (
				863DC4552DE34891003BAFF3 /* Debug */,
				863DC4562DE34891003BAFF3 /* Release */,
			);
			defaultConfigurationIsVisible = 0;
			defaultConfigurationName = Release;
		};
		863DC4572DE34891003BAFF3 /* Build configuration list for PBXNativeTarget "KEditUITests" */ = {
			isa = XCConfigurationList;
			buildConfigurations = (
				863DC4582DE34891003BAFF3 /* Debug */,
				863DC4592DE34891003BAFF3 /* Release */,
			);
			defaultConfigurationIsVisible = 0;
			defaultConfigurationName = Release;
		};
/* End XCConfigurationList section */
	};
	rootObject = 863DC41F2DE34891003BAFF3 /* Project object */;
}
